
Microsoft Visual Studio Solution File, Format Version 12.00
# Visual Studio Version 17
VisualStudioVersion = 17.0.31903.59
MinimumVisualStudioVersion = 10.0.40219.1
Project("{2150E333-8FDC-42A3-9474-1A3956D46DE8}") = "src", "src", "{827E0CD3-B72D-47B6-A68D-7590B98EB39B}"
EndProject
Project("{FAE04EC0-301F-11D3-BF4B-00C04F79EFBC}") = "ResumeAlchemist.Api", "src\ResumeAlchemist.Api\ResumeAlchemist.Api.csproj", "{F2ECB33D-1B15-46FA-A732-6696783B36B6}"
EndProject
Project("{FAE04EC0-301F-11D3-BF4B-00C04F79EFBC}") = "ResumeAlchemist.Core", "src\ResumeAlchemist.Core\ResumeAlchemist.Core.csproj", "{27B39A6E-2F61-408D-88D0-CE4E0B8C30AB}"
EndProject
Project("{FAE04EC0-301F-11D3-BF4B-00C04F79EFBC}") = "ResumeAlchemist.Infrastructure", "src\ResumeAlchemist.Infrastructure\ResumeAlchemist.Infrastructure.csproj", "{36B8DEF8-DEAB-45B7-A719-D1E5EDAB0AE4}"
EndProject
Project("{FAE04EC0-301F-11D3-BF4B-00C04F79EFBC}") = "ResumeAlchemist.Shared", "src\ResumeAlchemist.Shared\ResumeAlchemist.Shared.csproj", "{9ECA7D13-E0E3-4606-982A-CF12E4D374D2}"
EndProject
Global
	GlobalSection(SolutionConfigurationPlatforms) = preSolution
		Debug|Any CPU = Debug|Any CPU
		Debug|x64 = Debug|x64
		Debug|x86 = Debug|x86
		Release|Any CPU = Release|Any CPU
		Release|x64 = Release|x64
		Release|x86 = Release|x86
	EndGlobalSection
	GlobalSection(ProjectConfigurationPlatforms) = postSolution
		{F2ECB33D-1B15-46FA-A732-6696783B36B6}.Debug|Any CPU.ActiveCfg = Debug|Any CPU
		{F2ECB33D-1B15-46FA-A732-6696783B36B6}.Debug|Any CPU.Build.0 = Debug|Any CPU
		{F2ECB33D-1B15-46FA-A732-6696783B36B6}.Debug|x64.ActiveCfg = Debug|Any CPU
		{F2ECB33D-1B15-46FA-A732-6696783B36B6}.Debug|x64.Build.0 = Debug|Any CPU
		{F2ECB33D-1B15-46FA-A732-6696783B36B6}.Debug|x86.ActiveCfg = Debug|Any CPU
		{F2ECB33D-1B15-46FA-A732-6696783B36B6}.Debug|x86.Build.0 = Debug|Any CPU
		{F2ECB33D-1B15-46FA-A732-6696783B36B6}.Release|Any CPU.ActiveCfg = Release|Any CPU
		{F2ECB33D-1B15-46FA-A732-6696783B36B6}.Release|Any CPU.Build.0 = Release|Any CPU
		{F2ECB33D-1B15-46FA-A732-6696783B36B6}.Release|x64.ActiveCfg = Release|Any CPU
		{F2ECB33D-1B15-46FA-A732-6696783B36B6}.Release|x64.Build.0 = Release|Any CPU
		{F2ECB33D-1B15-46FA-A732-6696783B36B6}.Release|x86.ActiveCfg = Release|Any CPU
		{F2ECB33D-1B15-46FA-A732-6696783B36B6}.Release|x86.Build.0 = Release|Any CPU
		{27B39A6E-2F61-408D-88D0-CE4E0B8C30AB}.Debug|Any CPU.ActiveCfg = Debug|Any CPU
		{27B39A6E-2F61-408D-88D0-CE4E0B8C30AB}.Debug|Any CPU.Build.0 = Debug|Any CPU
		{27B39A6E-2F61-408D-88D0-CE4E0B8C30AB}.Debug|x64.ActiveCfg = Debug|Any CPU
		{27B39A6E-2F61-408D-88D0-CE4E0B8C30AB}.Debug|x64.Build.0 = Debug|Any CPU
		{27B39A6E-2F61-408D-88D0-CE4E0B8C30AB}.Debug|x86.ActiveCfg = Debug|Any CPU
		{27B39A6E-2F61-408D-88D0-CE4E0B8C30AB}.Debug|x86.Build.0 = Debug|Any CPU
		{27B39A6E-2F61-408D-88D0-CE4E0B8C30AB}.Release|Any CPU.ActiveCfg = Release|Any CPU
		{27B39A6E-2F61-408D-88D0-CE4E0B8C30AB}.Release|Any CPU.Build.0 = Release|Any CPU
		{27B39A6E-2F61-408D-88D0-CE4E0B8C30AB}.Release|x64.ActiveCfg = Release|Any CPU
		{27B39A6E-2F61-408D-88D0-CE4E0B8C30AB}.Release|x64.Build.0 = Release|Any CPU
		{27B39A6E-2F61-408D-88D0-CE4E0B8C30AB}.Release|x86.ActiveCfg = Release|Any CPU
		{27B39A6E-2F61-408D-88D0-CE4E0B8C30AB}.Release|x86.Build.0 = Release|Any CPU
		{36B8DEF8-DEAB-45B7-A719-D1E5EDAB0AE4}.Debug|Any CPU.ActiveCfg = Debug|Any CPU
		{36B8DEF8-DEAB-45B7-A719-D1E5EDAB0AE4}.Debug|Any CPU.Build.0 = Debug|Any CPU
		{36B8DEF8-DEAB-45B7-A719-D1E5EDAB0AE4}.Debug|x64.ActiveCfg = Debug|Any CPU
		{36B8DEF8-DEAB-45B7-A719-D1E5EDAB0AE4}.Debug|x64.Build.0 = Debug|Any CPU
		{36B8DEF8-DEAB-45B7-A719-D1E5EDAB0AE4}.Debug|x86.ActiveCfg = Debug|Any CPU
		{36B8DEF8-DEAB-45B7-A719-D1E5EDAB0AE4}.Debug|x86.Build.0 = Debug|Any CPU
		{36B8DEF8-DEAB-45B7-A719-D1E5EDAB0AE4}.Release|Any CPU.ActiveCfg = Release|Any CPU
		{36B8DEF8-DEAB-45B7-A719-D1E5EDAB0AE4}.Release|Any CPU.Build.0 = Release|Any CPU
		{36B8DEF8-DEAB-45B7-A719-D1E5EDAB0AE4}.Release|x64.ActiveCfg = Release|Any CPU
		{36B8DEF8-DEAB-45B7-A719-D1E5EDAB0AE4}.Release|x64.Build.0 = Release|Any CPU
		{36B8DEF8-DEAB-45B7-A719-D1E5EDAB0AE4}.Release|x86.ActiveCfg = Release|Any CPU
		{36B8DEF8-DEAB-45B7-A719-D1E5EDAB0AE4}.Release|x86.Build.0 = Release|Any CPU
		{9ECA7D13-E0E3-4606-982A-CF12E4D374D2}.Debug|Any CPU.ActiveCfg = Debug|Any CPU
		{9ECA7D13-E0E3-4606-982A-CF12E4D374D2}.Debug|Any CPU.Build.0 = Debug|Any CPU
		{9ECA7D13-E0E3-4606-982A-CF12E4D374D2}.Debug|x64.ActiveCfg = Debug|Any CPU
		{9ECA7D13-E0E3-4606-982A-CF12E4D374D2}.Debug|x64.Build.0 = Debug|Any CPU
		{9ECA7D13-E0E3-4606-982A-CF12E4D374D2}.Debug|x86.ActiveCfg = Debug|Any CPU
		{9ECA7D13-E0E3-4606-982A-CF12E4D374D2}.Debug|x86.Build.0 = Debug|Any CPU
		{9ECA7D13-E0E3-4606-982A-CF12E4D374D2}.Release|Any CPU.ActiveCfg = Release|Any CPU
		{9ECA7D13-E0E3-4606-982A-CF12E4D374D2}.Release|Any CPU.Build.0 = Release|Any CPU
		{9ECA7D13-E0E3-4606-982A-CF12E4D374D2}.Release|x64.ActiveCfg = Release|Any CPU
		{9ECA7D13-E0E3-4606-982A-CF12E4D374D2}.Release|x64.Build.0 = Release|Any CPU
		{9ECA7D13-E0E3-4606-982A-CF12E4D374D2}.Release|x86.ActiveCfg = Release|Any CPU
		{9ECA7D13-E0E3-4606-982A-CF12E4D374D2}.Release|x86.Build.0 = Release|Any CPU
	EndGlobalSection
	GlobalSection(SolutionProperties) = preSolution
		HideSolutionNode = FALSE
	EndGlobalSection
	GlobalSection(NestedProjects) = preSolution
		{F2ECB33D-1B15-46FA-A732-6696783B36B6} = {827E0CD3-B72D-47B6-A68D-7590B98EB39B}
		{27B39A6E-2F61-408D-88D0-CE4E0B8C30AB} = {827E0CD3-B72D-47B6-A68D-7590B98EB39B}
		{36B8DEF8-DEAB-45B7-A719-D1E5EDAB0AE4} = {827E0CD3-B72D-47B6-A68D-7590B98EB39B}
		{9ECA7D13-E0E3-4606-982A-CF12E4D374D2} = {827E0CD3-B72D-47B6-A68D-7590B98EB39B}
	EndGlobalSection
EndGlobal
